// !$*UTF8*$!
{
	archiveVersion = 1;
	classes = {
	};
	objectVersion = 56;
	objects = {

/* Begin PBXBuildFile section */
		5D5BE0D32B8AC88100A6CCCC /* AppDelegate.swift in Sources */ = {isa = PBXBuildFile; fileRef = 5D5BE0D22B8AC88100A6CCCC /* AppDelegate.swift */; };
		5D5BE0D52B8AC88100A6CCCC /* SceneDelegate.swift in Sources */ = {isa = PBXBuildFile; fileRef = 5D5BE0D42B8AC88100A6CCCC /* SceneDelegate.swift */; };
		5D5BE0D72B8AC88100A6CCCC /* ViewController.swift in Sources */ = {isa = PBXBuildFile; fileRef = 5D5BE0D62B8AC88100A6CCCC /* ViewController.swift */; };
		5D5BE0DA2B8AC88100A6CCCC /* Main.storyboard in Resources */ = {isa = PBXBuildFile; fileRef = 5D5BE0D82B8AC88100A6CCCC /* Main.storyboard */; };
		5D5BE0DD2B8AC88100A6CCCC /* HitList.xcdatamodeld in Sources */ = {isa = PBXBuildFile; fileRef = 5D5BE0DB2B8AC88100A6CCCC /* HitList.xcdatamodeld */; };
		5D5BE0DF2B8AC88300A6CCCC /* Assets.xcassets in Resources */ = {isa = PBXBuildFile; fileRef = 5D5BE0DE2B8AC88300A6CCCC /* Assets.xcassets */; };
		5D5BE0E22B8AC88300A6CCCC /* LaunchScreen.storyboard in Resources */ = {isa = PBXBuildFile; fileRef = 5D5BE0E02B8AC88300A6CCCC /* LaunchScreen.storyboard */; };
		5D5BE0EA2B8AD05F00A6CCCC /* HLCoreDataManager.swift in Sources */ = {isa = PBXBuildFile; fileRef = 5D5BE0E92B8AD05F00A6CCCC /* HLCoreDataManager.swift */; };
/* End PBXBuildFile section */

/* Begin PBXFileReference section */
		5D5BE0CF2B8AC88100A6CCCC /* HitList.app */ = {isa = PBXFileReference; explicitFileType = wrapper.application; includeInIndex = 0; path = HitList.app; sourceTree = BUILT_PRODUCTS_DIR; };
		5D5BE0D22B8AC88100A6CCCC /* AppDelegate.swift */ = {isa = PBXFileReference; lastKnownFileType = sourcecode.swift; path = AppDelegate.swift; sourceTree = "<group>"; };
		5D5BE0D42B8AC88100A6CCCC /* SceneDelegate.swift */ = {isa = PBXFileReference; lastKnownFileType = sourcecode.swift; path = SceneDelegate.swift; sourceTree = "<group>"; };
		5D5BE0D62B8AC88100A6CCCC /* ViewController.swift */ = {isa = PBXFileReference; lastKnownFileType = sourcecode.swift; path = ViewController.swift; sourceTree = "<group>"; };
		5D5BE0D92B8AC88100A6CCCC /* Base */ = {isa = PBXFileReference; lastKnownFileType = file.storyboard; name = Base; path = Base.lproj/Main.storyboard; sourceTree = "<group>"; };
		5D5BE0DC2B8AC88100A6CCCC /* HitList.xcdatamodel */ = {isa = PBXFileReference; lastKnownFileType = wrapper.xcdatamodel; path = HitList.xcdatamodel; sourceTree = "<group>"; };
		5D5BE0DE2B8AC88300A6CCCC /* Assets.xcassets */ = {isa = PBXFileReference; lastKnownFileType = folder.assetcatalog; path = Assets.xcassets; sourceTree = "<group>"; };
		5D5BE0E12B8AC88300A6CCCC /* Base */ = {isa = PBXFileReference; lastKnownFileType = file.storyboard; name = Base; path = Base.lproj/LaunchScreen.storyboard; sourceTree = "<group>"; };
		5D5BE0E32B8AC88300A6CCCC /* Info.plist */ = {isa = PBXFileReference; lastKnownFileType = text.plist.xml; path = Info.plist; sourceTree = "<group>"; };
		5D5BE0E92B8AD05F00A6CCCC /* HLCoreDataManager.swift */ = {isa = PBXFileReference; lastKnownFileType = sourcecode.swift; path = HLCoreDataManager.swift; sourceTree = "<group>"; };
/* End PBXFileReference section */

/* Begin PBXFrameworksBuildPhase section */
		5D5BE0CC2B8AC88100A6CCCC /* Frameworks */ = {
			isa = PBXFrameworksBuildPhase;
			buildActionMask = 2147483647;
			files = (
			);
			runOnlyForDeploymentPostprocessing = 0;
		};
/* End PBXFrameworksBuildPhase section */

/* Begin PBXGroup section */
		5D5BE0C62B8AC88100A6CCCC = {
			isa = PBXGroup;
			children = (
				5D5BE0D12B8AC88100A6CCCC /* HitList */,
				5D5BE0D02B8AC88100A6CCCC /* Products */,
			);
			sourceTree = "<group>";
		};
		5D5BE0D02B8AC88100A6CCCC /* Products */ = {
			isa = PBXGroup;
			children = (
				5D5BE0CF2B8AC88100A6CCCC /* HitList.app */,
			);
			name = Products;
			sourceTree = "<group>";
		};
		5D5BE0D12B8AC88100A6CCCC /* HitList */ = {
			isa = PBXGroup;
			children = (
				5D5BE0EE2B8B56B200A6CCCC /* Scenes */,
				5D5BE0ED2B8B56A300A6CCCC /* DB */,
				5D5BE0EC2B8B569B00A6CCCC /* Resources */,
				5D5BE0EB2B8B569500A6CCCC /* App */,
			);
			path = HitList;
			sourceTree = "<group>";
		};
		5D5BE0EB2B8B569500A6CCCC /* App */ = {
			isa = PBXGroup;
			children = (
				5D5BE0D22B8AC88100A6CCCC /* AppDelegate.swift */,
				5D5BE0D42B8AC88100A6CCCC /* SceneDelegate.swift */,
			);
			path = App;
			sourceTree = "<group>";
		};
		5D5BE0EC2B8B569B00A6CCCC /* Resources */ = {
			isa = PBXGroup;
			children = (
				5D5BE0DE2B8AC88300A6CCCC /* Assets.xcassets */,
				5D5BE0E02B8AC88300A6CCCC /* LaunchScreen.storyboard */,
				5D5BE0E32B8AC88300A6CCCC /* Info.plist */,
				5D5BE0DB2B8AC88100A6CCCC /* HitList.xcdatamodeld */,
			);
			path = Resources;
			sourceTree = "<group>";
		};
		5D5BE0ED2B8B56A300A6CCCC /* DB */ = {
			isa = PBXGroup;
			children = (
				5D5BE0E92B8AD05F00A6CCCC /* HLCoreDataManager.swift */,
			);
			path = DB;
			sourceTree = "<group>";
		};
		5D5BE0EE2B8B56B200A6CCCC /* Scenes */ = {
			isa = PBXGroup;
			children = (
				5D5BE0D62B8AC88100A6CCCC /* ViewController.swift */,
				5D5BE0D82B8AC88100A6CCCC /* Main.storyboard */,
			);
			path = Scenes;
			sourceTree = "<group>";
		};
/* End PBXGroup section */

/* Begin PBXNativeTarget section */
		5D5BE0CE2B8AC88100A6CCCC /* HitList */ = {
			isa = PBXNativeTarget;
			buildConfigurationList = 5D5BE0E62B8AC88300A6CCCC /* Build configuration list for PBXNativeTarget "HitList" */;
			buildPhases = (
				5D5BE0CB2B8AC88100A6CCCC /* Sources */,
				5D5BE0CC2B8AC88100A6CCCC /* Frameworks */,
				5D5BE0CD2B8AC88100A6CCCC /* Resources */,
			);
			buildRules = (
			);
			dependencies = (
			);
			name = HitList;
			productName = HitList;
			productReference = 5D5BE0CF2B8AC88100A6CCCC /* HitList.app */;
			productType = "com.apple.product-type.application";
		};
/* End PBXNativeTarget section */

/* Begin PBXProject section */
		5D5BE0C72B8AC88100A6CCCC /* Project object */ = {
			isa = PBXProject;
			attributes = {
				BuildIndependentTargetsInParallel = 1;
				LastSwiftUpdateCheck = 1520;
				LastUpgradeCheck = 1520;
				TargetAttributes = {
					5D5BE0CE2B8AC88100A6CCCC = {
						CreatedOnToolsVersion = 15.2;
					};
				};
			};
			buildConfigurationList = 5D5BE0CA2B8AC88100A6CCCC /* Build configuration list for PBXProject "HitList" */;
			compatibilityVersion = "Xcode 14.0";
			developmentRegion = en;
			hasScannedForEncodings = 0;
			knownRegions = (
				en,
				Base,
			);
			mainGroup = 5D5BE0C62B8AC88100A6CCCC;
			productRefGroup = 5D5BE0D02B8AC88100A6CCCC /* Products */;
			projectDirPath = "";
			projectRoot = "";
			targets = (
				5D5BE0CE2B8AC88100A6CCCC /* HitList */,
			);
		};
/* End PBXProject section */

/* Begin PBXResourcesBuildPhase section */
		5D5BE0CD2B8AC88100A6CCCC /* Resources */ = {
			isa = PBXResourcesBuildPhase;
			buildActionMask = 2147483647;
			files = (
				5D5BE0E22B8AC88300A6CCCC /* LaunchScreen.storyboard in Resources */,
				5D5BE0DF2B8AC88300A6CCCC /* Assets.xcassets in Resources */,
				5D5BE0DA2B8AC88100A6CCCC /* Main.storyboard in Resources */,
			);
			runOnlyForDeploymentPostprocessing = 0;
		};
/* End PBXResourcesBuildPhase section */

/* Begin PBXSourcesBuildPhase section */
		5D5BE0CB2B8AC88100A6CCCC /* Sources */ = {
			isa = PBXSourcesBuildPhase;
			buildActionMask = 2147483647;
			files = (
				5D5BE0D72B8AC88100A6CCCC /* ViewController.swift in Sources */,
				5D5BE0DD2B8AC88100A6CCCC /* HitList.xcdatamodeld in Sources */,
				5D5BE0D32B8AC88100A6CCCC /* AppDelegate.swift in Sources */,
				5D5BE0D52B8AC88100A6CCCC /* SceneDelegate.swift in Sources */,
				5D5BE0EA2B8AD05F00A6CCCC /* HLCoreDataManager.swift in Sources */,
			);
			runOnlyForDeploymentPostprocessing = 0;
		};
/* End PBXSourcesBuildPhase section */

/* Begin PBXVariantGroup section */
		5D5BE0D82B8AC88100A6CCCC /* Main.storyboard */ = {
			isa = PBXVariantGroup;
			children = (
				5D5BE0D92B8AC88100A6CCCC /* Base */,
			);
			name = Main.storyboard;
			sourceTree = "<group>";
		};
		5D5BE0E02B8AC88300A6CCCC /* LaunchScreen.storyboard */ = {
			isa = PBXVariantGroup;
			children = (
				5D5BE0E12B8AC88300A6CCCC /* Base */,
			);
			name = LaunchScreen.storyboard;
			sourceTree = "<group>";
		};
/* End PBXVariantGroup section */

/* Begin XCBuildConfiguration section */
		5D5BE0E42B8AC88300A6CCCC /* Debug */ = {
			isa = XCBuildConfiguration;
			buildSettings = {
				ALWAYS_SEARCH_USER_PATHS = NO;
				ASSETCATALOG_COMPILER_GENERATE_SWIFT_ASSET_SYMBOL_EXTENSIONS = YES;
				CLANG_ANALYZER_NONNULL = YES;
				CLANG_ANALYZER_NUMBER_OBJECT_CONVERSION = YES_AGGRESSIVE;
				CLANG_CXX_LANGUAGE_STANDARD = "gnu++20";
				CLANG_ENABLE_MODULES = YES;
				CLANG_ENABLE_OBJC_ARC = YES;
				CLANG_ENABLE_OBJC_WEAK = YES;
				CLANG_WARN_BLOCK_CAPTURE_AUTORELEASING = YES;
				CLANG_WARN_BOOL_CONVERSION = YES;
				CLANG_WARN_COMMA = YES;
				CLANG_WARN_CONSTANT_CONVERSION = YES;
				CLANG_WARN_DEPRECATED_OBJC_IMPLEMENTATIONS = YES;
				CLANG_WARN_DIRECT_OBJC_ISA_USAGE = YES_ERROR;
				CLANG_WARN_DOCUMENTATION_COMMENTS = YES;
				CLANG_WARN_EMPTY_BODY = YES;
				CLANG_WARN_ENUM_CONVERSION = YES;
				CLANG_WARN_INFINITE_RECURSION = YES;
				CLANG_WARN_INT_CONVERSION = YES;
				CLANG_WARN_NON_LITERAL_NULL_CONVERSION = YES;
				CLANG_WARN_OBJC_IMPLICIT_RETAIN_SELF = YES;
				CLANG_WARN_OBJC_LITERAL_CONVERSION = YES;
				CLANG_WARN_OBJC_ROOT_CLASS = YES_ERROR;
				CLANG_WARN_QUOTED_INCLUDE_IN_FRAMEWORK_HEADER = YES;
				CLANG_WARN_RANGE_LOOP_ANALYSIS = YES;
				CLANG_WARN_STRICT_PROTOTYPES = YES;
				CLANG_WARN_SUSPICIOUS_MOVE = YES;
				CLANG_WARN_UNGUARDED_AVAILABILITY = YES_AGGRESSIVE;
				CLANG_WARN_UNREACHABLE_CODE = YES;
				CLANG_WARN__DUPLICATE_METHOD_MATCH = YES;
				COPY_PHASE_STRIP = NO;
				DEBUG_INFORMATION_FORMAT = dwarf;
				ENABLE_STRICT_OBJC_MSGSEND = YES;
				ENABLE_TESTABILITY = YES;
				ENABLE_USER_SCRIPT_SANDBOXING = YES;
				GCC_C_LANGUAGE_STANDARD = gnu17;
				GCC_DYNAMIC_NO_PIC = NO;
				GCC_NO_COMMON_BLOCKS = YES;
				GCC_OPTIMIZATION_LEVEL = 0;
				GCC_PREPROCESSOR_DEFINITIONS = (
					"DEBUG=1",
					"$(inherited)",
				);
				GCC_WARN_64_TO_32_BIT_CONVERSION = YES;
				GCC_WARN_ABOUT_RETURN_TYPE = YES_ERROR;
				GCC_WARN_UNDECLARED_SELECTOR = YES;
				GCC_WARN_UNINITIALIZED_AUTOS = YES_AGGRESSIVE;
				GCC_WARN_UNUSED_FUNCTION = YES;
				GCC_WARN_UNUSED_VARIABLE = YES;
				IPHONEOS_DEPLOYMENT_TARGET = 17.2;
				LOCALIZATION_PREFERS_STRING_CATALOGS = YES;
				MTL_ENABLE_DEBUG_INFO = INCLUDE_SOURCE;
				MTL_FAST_MATH = YES;
				ONLY_ACTIVE_ARCH = YES;
				SDKROOT = iphoneos;
				SWIFT_ACTIVE_COMPILATION_CONDITIONS = "DEBUG $(inherited)";
				SWIFT_OPTIMIZATION_LEVEL = "-Onone";
			};
			name = Debug;
		};
		5D5BE0E52B8AC88300A6CCCC /* Release */ = {
			isa = XCBuildConfiguration;
			buildSettings = {
				ALWAYS_SEARCH_USER_PATHS = NO;
				ASSETCATALOG_COMPILER_GENERATE_SWIFT_ASSET_SYMBOL_EXTENSIONS = YES;
				CLANG_ANALYZER_NONNULL = YES;
				CLANG_ANALYZER_NUMBER_OBJECT_CONVERSION = YES_AGGRESSIVE;
				CLANG_CXX_LANGUAGE_STANDARD = "gnu++20";
				CLANG_ENABLE_MODULES = YES;
				CLANG_ENABLE_OBJC_ARC = YES;
				CLANG_ENABLE_OBJC_WEAK = YES;
				CLANG_WARN_BLOCK_CAPTURE_AUTORELEASING = YES;
				CLANG_WARN_BOOL_CONVERSION = YES;
				CLANG_WARN_COMMA = YES;
				CLANG_WARN_CONSTANT_CONVERSION = YES;
				CLANG_WARN_DEPRECATED_OBJC_IMPLEMENTATIONS = YES;
				CLANG_WARN_DIRECT_OBJC_ISA_USAGE = YES_ERROR;
				CLANG_WARN_DOCUMENTATION_COMMENTS = YES;
				CLANG_WARN_EMPTY_BODY = YES;
				CLANG_WARN_ENUM_CONVERSION = YES;
				CLANG_WARN_INFINITE_RECURSION = YES;
				CLANG_WARN_INT_CONVERSION = YES;
				CLANG_WARN_NON_LITERAL_NULL_CONVERSION = YES;
				CLANG_WARN_OBJC_IMPLICIT_RETAIN_SELF = YES;
				CLANG_WARN_OBJC_LITERAL_CONVERSION = YES;
				CLANG_WARN_OBJC_ROOT_CLASS = YES_ERROR;
				CLANG_WARN_QUOTED_INCLUDE_IN_FRAMEWORK_HEADER = YES;
				CLANG_WARN_RANGE_LOOP_ANALYSIS = YES;
				CLANG_WARN_STRICT_PROTOTYPES = YES;
				CLANG_WARN_SUSPICIOUS_MOVE = YES;
				CLANG_WARN_UNGUARDED_AVAILABILITY = YES_AGGRESSIVE;
				CLANG_WARN_UNREACHABLE_CODE = YES;
				CLANG_WARN__DUPLICATE_METHOD_MATCH = YES;
				COPY_PHASE_STRIP = NO;
				DEBUG_INFORMATION_FORMAT = "dwarf-with-dsym";
				ENABLE_NS_ASSERTIONS = NO;
				ENABLE_STRICT_OBJC_MSGSEND = YES;
				ENABLE_USER_SCRIPT_SANDBOXING = YES;
				GCC_C_LANGUAGE_STANDARD = gnu17;
				GCC_NO_COMMON_BLOCKS = YES;
				GCC_WARN_64_TO_32_BIT_CONVERSION = YES;
				GCC_WARN_ABOUT_RETURN_TYPE = YES_ERROR;
				GCC_WARN_UNDECLARED_SELECTOR = YES;
				GCC_WARN_UNINITIALIZED_AUTOS = YES_AGGRESSIVE;
				GCC_WARN_UNUSED_FUNCTION = YES;
				GCC_WARN_UNUSED_VARIABLE = YES;
				IPHONEOS_DEPLOYMENT_TARGET = 17.2;
				LOCALIZATION_PREFERS_STRING_CATALOGS = YES;
				MTL_ENABLE_DEBUG_INFO = NO;
				MTL_FAST_MATH = YES;
				SDKROOT = iphoneos;
				SWIFT_COMPILATION_MODE = wholemodule;
				VALIDATE_PRODUCT = YES;
			};
			name = Release;
		};
		5D5BE0E72B8AC88300A6CCCC /* Debug */ = {
			isa = XCBuildConfiguration;
			buildSettings = {
				ASSETCATALOG_COMPILER_APPICON_NAME = AppIcon;
				ASSETCATALOG_COMPILER_GLOBAL_ACCENT_COLOR_NAME = AccentColor;
				CODE_SIGN_STYLE = Automatic;
				CURRENT_PROJECT_VERSION = 1;
				GENERATE_INFOPLIST_FILE = YES;
				INFOPLIST_FILE = HitList/Resources/Info.plist;
				INFOPLIST_KEY_UIApplicationSupportsIndirectInputEvents = YES;
				INFOPLIST_KEY_UILaunchStoryboardName = LaunchScreen;
				INFOPLIST_KEY_UIMainStoryboardFile = Main;
				INFOPLIST_KEY_UISupportedInterfaceOrientations_iPad = "UIInterfaceOrientationPortrait UIInterfaceOrientationPortraitUpsideDown UIInterfaceOrientationLandscapeLeft UIInterfaceOrientationLandscapeRight";
				INFOPLIST_KEY_UISupportedInterfaceOrientations_iPhone = "UIInterfaceOrientationPortrait UIInterfaceOrientationLandscapeLeft UIInterfaceOrientationLandscapeRight";
				LD_RUNPATH_SEARCH_PATHS = (
					"$(inherited)",
					"@executable_path/Frameworks",
				);
				MARKETING_VERSION = 1.0;
				PRODUCT_BUNDLE_IDENTIFIER = com.coredata.tutorials.1.HitList;
				PRODUCT_NAME = "$(TARGET_NAME)";
				SWIFT_EMIT_LOC_STRINGS = YES;
				SWIFT_VERSION = 5.0;
				TARGETED_DEVICE_FAMILY = "1,2";
			};
			name = Debug;
		};
		5D5BE0E82B8AC88300A6CCCC /* Release */ = {
			isa = XCBuildConfiguration;
			buildSettings = {
				ASSETCATALOG_COMPILER_APPICON_NAME = AppIcon;
				ASSETCATALOG_COMPILER_GLOBAL_ACCENT_COLOR_NAME = AccentColor;
				CODE_SIGN_STYLE = Automatic;
				CURRENT_PROJECT_VERSION = 1;
				GENERATE_INFOPLIST_FILE = YES;
				INFOPLIST_FILE = HitList/Resources/Info.plist;
				INFOPLIST_KEY_UIApplicationSupportsIndirectInputEvents = YES;
				INFOPLIST_KEY_UILaunchStoryboardName = LaunchScreen;
				INFOPLIST_KEY_UIMainStoryboardFile = Main;
				INFOPLIST_KEY_UISupportedInterfaceOrientations_iPad = "UIInterfaceOrientationPortrait UIInterfaceOrientationPortraitUpsideDown UIInterfaceOrientationLandscapeLeft UIInterfaceOrientationLandscapeRight";
				INFOPLIST_KEY_UISupportedInterfaceOrientations_iPhone = "UIInterfaceOrientationPortrait UIInterfaceOrientationLandscapeLeft UIInterfaceOrientationLandscapeRight";
				LD_RUNPATH_SEARCH_PATHS = (
					"$(inherited)",
					"@executable_path/Frameworks",
				);
				MARKETING_VERSION = 1.0;
				PRODUCT_BUNDLE_IDENTIFIER = com.coredata.tutorials.1.HitList;
				PRODUCT_NAME = "$(TARGET_NAME)";
				SWIFT_EMIT_LOC_STRINGS = YES;
				SWIFT_VERSION = 5.0;
				TARGETED_DEVICE_FAMILY = "1,2";
			};
			name = Release;
		};
/* End XCBuildConfiguration section */

/* Begin XCConfigurationList section */
		5D5BE0CA2B8AC88100A6CCCC /* Build configuration list for PBXProject "HitList" */ = {
			isa = XCConfigurationList;
			buildConfigurations = (
				5D5BE0E42B8AC88300A6CCCC /* Debug */,
				5D5BE0E52B8AC88300A6CCCC /* Release */,
			);
			defaultConfigurationIsVisible = 0;
			defaultConfigurationName = Release;
		};
		5D5BE0E62B8AC88300A6CCCC /* Build configuration list for PBXNativeTarget "HitList" */ = {
			isa = XCConfigurationList;
			buildConfigurations = (
				5D5BE0E72B8AC88300A6CCCC /* Debug */,
				5D5BE0E82B8AC88300A6CCCC /* Release */,
			);
			defaultConfigurationIsVisible = 0;
			defaultConfigurationName = Release;
		};
/* End XCConfigurationList section */

/* Begin XCVersionGroup section */
		5D5BE0DB2B8AC88100A6CCCC /* HitList.xcdatamodeld */ = {
			isa = XCVersionGroup;
			children = (
				5D5BE0DC2B8AC88100A6CCCC /* HitList.xcdatamodel */,
			);
			currentVersion = 5D5BE0DC2B8AC88100A6CCCC /* HitList.xcdatamodel */;
			path = HitList.xcdatamodeld;
			sourceTree = "<group>";
			versionGroupType = wrapper.xcdatamodel;
		};
/* End XCVersionGroup section */
	};
	rootObject = 5D5BE0C72B8AC88100A6CCCC /* Project object */;
}
